// !$*UTF8*$!
{
	archiveVersion = 1;
	classes = {
	};
	objectVersion = 46;
	objects = {

/* Begin PBXBuildFile section */
		830C243E1A9E357A00FBAD6A /* Account.m in Sources */ = {isa = PBXBuildFile; fileRef = 830C243D1A9E357A00FBAD6A /* Account.m */; };
		83AA41111AD41DCD00005A45 /* ClassesList.m in Sources */ = {isa = PBXBuildFile; fileRef = 83AA41101AD41DCD00005A45 /* ClassesList.m */; };
		83AA41191AE53E8100005A45 /* StudentsList.m in Sources */ = {isa = PBXBuildFile; fileRef = 83AA41181AE53E8100005A45 /* StudentsList.m */; };
		83CC7B1E1AEFCF4B00F9EAEC /* classBuilderViewController.m in Sources */ = {isa = PBXBuildFile; fileRef = 83CC7B1D1AEFCF4B00F9EAEC /* classBuilderViewController.m */; };
		83CC7B221AEFD08800F9EAEC /* TimerViewController.m in Sources */ = {isa = PBXBuildFile; fileRef = 83CC7B211AEFD08800F9EAEC /* TimerViewController.m */; };
		83CC7B261AEFD58100F9EAEC /* Class_Discussion_Core.xcdatamodeld in Sources */ = {isa = PBXBuildFile; fileRef = 83CC7B241AEFD58100F9EAEC /* Class_Discussion_Core.xcdatamodeld */; };
		83CC7B291AF0024D00F9EAEC /* ImageTransformer.m in Sources */ = {isa = PBXBuildFile; fileRef = 83CC7B281AF0024D00F9EAEC /* ImageTransformer.m */; };
		83CC7B2D1AF05D8900F9EAEC /* Student.m in Sources */ = {isa = PBXBuildFile; fileRef = 83CC7B2C1AF05D8900F9EAEC /* Student.m */; };
		83CC7B311AF1966B00F9EAEC /* StudentCell.m in Sources */ = {isa = PBXBuildFile; fileRef = 83CC7B2F1AF1966B00F9EAEC /* StudentCell.m */; };
		83CC7B351AF3544C00F9EAEC /* StudentStore.m in Sources */ = {isa = PBXBuildFile; fileRef = 83CC7B341AF3544C00F9EAEC /* StudentStore.m */; };
		83CC7B3A1AF3B59000F9EAEC /* StudentDetailViewController.m in Sources */ = {isa = PBXBuildFile; fileRef = 83CC7B391AF3B59000F9EAEC /* StudentDetailViewController.m */; };
		83CC7B3E1AF7408D00F9EAEC /* StudentImageStore.m in Sources */ = {isa = PBXBuildFile; fileRef = 83CC7B3D1AF7408D00F9EAEC /* StudentImageStore.m */; };
		83CC7B411AF74D2600F9EAEC /* StudentImageViewController.m in Sources */ = {isa = PBXBuildFile; fileRef = 83CC7B401AF74D2600F9EAEC /* StudentImageViewController.m */; };
		83DDFADF1A9CD12300A2D594 /* main.m in Sources */ = {isa = PBXBuildFile; fileRef = 83DDFADE1A9CD12300A2D594 /* main.m */; };
		83DDFAE21A9CD12300A2D594 /* AppDelegate.m in Sources */ = {isa = PBXBuildFile; fileRef = 83DDFAE11A9CD12300A2D594 /* AppDelegate.m */; };
		83DDFAE51A9CD12300A2D594 /* Class_Discussion.xcdatamodeld in Sources */ = {isa = PBXBuildFile; fileRef = 83DDFAE31A9CD12300A2D594 /* Class_Discussion.xcdatamodeld */; };
		83DDFAEB1A9CD12300A2D594 /* Main.storyboard in Resources */ = {isa = PBXBuildFile; fileRef = 83DDFAE91A9CD12300A2D594 /* Main.storyboard */; };
		83DDFAED1A9CD12300A2D594 /* Images.xcassets in Resources */ = {isa = PBXBuildFile; fileRef = 83DDFAEC1A9CD12300A2D594 /* Images.xcassets */; };
		83DDFAF01A9CD12300A2D594 /* LaunchScreen.xib in Resources */ = {isa = PBXBuildFile; fileRef = 83DDFAEE1A9CD12300A2D594 /* LaunchScreen.xib */; };
		83DDFAFC1A9CD12400A2D594 /* Class_DiscussionTests.m in Sources */ = {isa = PBXBuildFile; fileRef = 83DDFAFB1A9CD12400A2D594 /* Class_DiscussionTests.m */; };
		83DDFB071A9CD62B00A2D594 /* Teacher.m in Sources */ = {isa = PBXBuildFile; fileRef = 83DDFB061A9CD62B00A2D594 /* Teacher.m */; };
		C2E369211AA0CB02001B24DE /* Section.m in Sources */ = {isa = PBXBuildFile; fileRef = C2E369201AA0CB02001B24DE /* Section.m */; };
		FBB700D51AC1B0AD00CB21A5 /* LoginViewController.m in Sources */ = {isa = PBXBuildFile; fileRef = FBB700D41AC1B0AD00CB21A5 /* LoginViewController.m */; };
		FBCDDE191AC31ADC0036204A /* ForgotPasswordViewController.m in Sources */ = {isa = PBXBuildFile; fileRef = FBCDDE181AC31ADC0036204A /* ForgotPasswordViewController.m */; };
		FBCDDE1D1AC31B170036204A /* CreateAccountViewController.m in Sources */ = {isa = PBXBuildFile; fileRef = FBCDDE1C1AC31B170036204A /* CreateAccountViewController.m */; };
/* End PBXBuildFile section */

/* Begin PBXContainerItemProxy section */
		83DDFAF61A9CD12400A2D594 /* PBXContainerItemProxy */ = {
			isa = PBXContainerItemProxy;
			containerPortal = 83DDFAD11A9CD12300A2D594 /* Project object */;
			proxyType = 1;
			remoteGlobalIDString = 83DDFAD81A9CD12300A2D594;
			remoteInfo = Class_Discussion;
		};
/* End PBXContainerItemProxy section */

/* Begin PBXFileReference section */
		830C243C1A9E357A00FBAD6A /* Account.h */ = {isa = PBXFileReference; fileEncoding = 4; lastKnownFileType = sourcecode.c.h; path = Account.h; sourceTree = "<group>"; };
		830C243D1A9E357A00FBAD6A /* Account.m */ = {isa = PBXFileReference; fileEncoding = 4; lastKnownFileType = sourcecode.c.objc; path = Account.m; sourceTree = "<group>"; };
		83AA410F1AD41DCD00005A45 /* ClassesList.h */ = {isa = PBXFileReference; fileEncoding = 4; lastKnownFileType = sourcecode.c.h; path = ClassesList.h; sourceTree = "<group>"; };
		83AA41101AD41DCD00005A45 /* ClassesList.m */ = {isa = PBXFileReference; fileEncoding = 4; lastKnownFileType = sourcecode.c.objc; path = ClassesList.m; sourceTree = "<group>"; };
		83AA41171AE53E8100005A45 /* StudentsList.h */ = {isa = PBXFileReference; fileEncoding = 4; lastKnownFileType = sourcecode.c.h; path = StudentsList.h; sourceTree = "<group>"; };
		83AA41181AE53E8100005A45 /* StudentsList.m */ = {isa = PBXFileReference; fileEncoding = 4; lastKnownFileType = sourcecode.c.objc; path = StudentsList.m; sourceTree = "<group>"; };
		83CC7B1C1AEFCF4B00F9EAEC /* classBuilderViewController.h */ = {isa = PBXFileReference; fileEncoding = 4; lastKnownFileType = sourcecode.c.h; path = classBuilderViewController.h; sourceTree = "<group>"; };
		83CC7B1D1AEFCF4B00F9EAEC /* classBuilderViewController.m */ = {isa = PBXFileReference; fileEncoding = 4; lastKnownFileType = sourcecode.c.objc; path = classBuilderViewController.m; sourceTree = "<group>"; };
		83CC7B201AEFD08800F9EAEC /* TimerViewController.h */ = {isa = PBXFileReference; fileEncoding = 4; lastKnownFileType = sourcecode.c.h; name = TimerViewController.h; path = ../TimerViewController.h; sourceTree = "<group>"; };
		83CC7B211AEFD08800F9EAEC /* TimerViewController.m */ = {isa = PBXFileReference; fileEncoding = 4; lastKnownFileType = sourcecode.c.objc; name = TimerViewController.m; path = ../TimerViewController.m; sourceTree = "<group>"; };
		83CC7B251AEFD58100F9EAEC /* Class_Discussion_Core.xcdatamodel */ = {isa = PBXFileReference; lastKnownFileType = wrapper.xcdatamodel; path = Class_Discussion_Core.xcdatamodel; sourceTree = "<group>"; };
		83CC7B271AF0024D00F9EAEC /* ImageTransformer.h */ = {isa = PBXFileReference; fileEncoding = 4; lastKnownFileType = sourcecode.c.h; path = ImageTransformer.h; sourceTree = "<group>"; };
		83CC7B281AF0024D00F9EAEC /* ImageTransformer.m */ = {isa = PBXFileReference; fileEncoding = 4; lastKnownFileType = sourcecode.c.objc; path = ImageTransformer.m; sourceTree = "<group>"; };
		83CC7B2B1AF05D8900F9EAEC /* Student.h */ = {isa = PBXFileReference; fileEncoding = 4; lastKnownFileType = sourcecode.c.h; name = Student.h; path = ../Student.h; sourceTree = "<group>"; };
		83CC7B2C1AF05D8900F9EAEC /* Student.m */ = {isa = PBXFileReference; fileEncoding = 4; lastKnownFileType = sourcecode.c.objc; name = Student.m; path = ../Student.m; sourceTree = "<group>"; };
		83CC7B2E1AF1966B00F9EAEC /* StudentCell.h */ = {isa = PBXFileReference; fileEncoding = 4; lastKnownFileType = sourcecode.c.h; path = StudentCell.h; sourceTree = "<group>"; };
		83CC7B2F1AF1966B00F9EAEC /* StudentCell.m */ = {isa = PBXFileReference; fileEncoding = 4; lastKnownFileType = sourcecode.c.objc; path = StudentCell.m; sourceTree = "<group>"; };
		83CC7B331AF3544C00F9EAEC /* StudentStore.h */ = {isa = PBXFileReference; fileEncoding = 4; lastKnownFileType = sourcecode.c.h; path = StudentStore.h; sourceTree = "<group>"; };
		83CC7B341AF3544C00F9EAEC /* StudentStore.m */ = {isa = PBXFileReference; fileEncoding = 4; lastKnownFileType = sourcecode.c.objc; path = StudentStore.m; sourceTree = "<group>"; };
		83CC7B381AF3B59000F9EAEC /* StudentDetailViewController.h */ = {isa = PBXFileReference; fileEncoding = 4; lastKnownFileType = sourcecode.c.h; path = StudentDetailViewController.h; sourceTree = "<group>"; };
		83CC7B391AF3B59000F9EAEC /* StudentDetailViewController.m */ = {isa = PBXFileReference; fileEncoding = 4; lastKnownFileType = sourcecode.c.objc; path = StudentDetailViewController.m; sourceTree = "<group>"; };
		83CC7B3C1AF7408D00F9EAEC /* StudentImageStore.h */ = {isa = PBXFileReference; fileEncoding = 4; lastKnownFileType = sourcecode.c.h; path = StudentImageStore.h; sourceTree = "<group>"; };
		83CC7B3D1AF7408D00F9EAEC /* StudentImageStore.m */ = {isa = PBXFileReference; fileEncoding = 4; lastKnownFileType = sourcecode.c.objc; path = StudentImageStore.m; sourceTree = "<group>"; };
		83CC7B3F1AF74D2600F9EAEC /* StudentImageViewController.h */ = {isa = PBXFileReference; fileEncoding = 4; lastKnownFileType = sourcecode.c.h; path = StudentImageViewController.h; sourceTree = "<group>"; };
		83CC7B401AF74D2600F9EAEC /* StudentImageViewController.m */ = {isa = PBXFileReference; fileEncoding = 4; lastKnownFileType = sourcecode.c.objc; path = StudentImageViewController.m; sourceTree = "<group>"; };
		83DDFAD91A9CD12300A2D594 /* Class_Discussion.app */ = {isa = PBXFileReference; explicitFileType = wrapper.application; includeInIndex = 0; path = Class_Discussion.app; sourceTree = BUILT_PRODUCTS_DIR; };
		83DDFADD1A9CD12300A2D594 /* Info.plist */ = {isa = PBXFileReference; lastKnownFileType = text.plist.xml; path = Info.plist; sourceTree = "<group>"; };
		83DDFADE1A9CD12300A2D594 /* main.m */ = {isa = PBXFileReference; lastKnownFileType = sourcecode.c.objc; path = main.m; sourceTree = "<group>"; };
		83DDFAE01A9CD12300A2D594 /* AppDelegate.h */ = {isa = PBXFileReference; lastKnownFileType = sourcecode.c.h; path = AppDelegate.h; sourceTree = "<group>"; };
		83DDFAE11A9CD12300A2D594 /* AppDelegate.m */ = {isa = PBXFileReference; lastKnownFileType = sourcecode.c.objc; path = AppDelegate.m; sourceTree = "<group>"; };
		83DDFAE41A9CD12300A2D594 /* Class_Discussion.xcdatamodel */ = {isa = PBXFileReference; lastKnownFileType = wrapper.xcdatamodel; path = Class_Discussion.xcdatamodel; sourceTree = "<group>"; };
		83DDFAEA1A9CD12300A2D594 /* Base */ = {isa = PBXFileReference; lastKnownFileType = file.storyboard; name = Base; path = Base.lproj/Main.storyboard; sourceTree = "<group>"; };
		83DDFAEC1A9CD12300A2D594 /* Images.xcassets */ = {isa = PBXFileReference; lastKnownFileType = folder.assetcatalog; path = Images.xcassets; sourceTree = "<group>"; };
		83DDFAEF1A9CD12300A2D594 /* Base */ = {isa = PBXFileReference; lastKnownFileType = file.xib; name = Base; path = Base.lproj/LaunchScreen.xib; sourceTree = "<group>"; };
		83DDFAF51A9CD12400A2D594 /* Class_DiscussionTests.xctest */ = {isa = PBXFileReference; explicitFileType = wrapper.cfbundle; includeInIndex = 0; path = Class_DiscussionTests.xctest; sourceTree = BUILT_PRODUCTS_DIR; };
		83DDFAFA1A9CD12400A2D594 /* Info.plist */ = {isa = PBXFileReference; lastKnownFileType = text.plist.xml; path = Info.plist; sourceTree = "<group>"; };
		83DDFAFB1A9CD12400A2D594 /* Class_DiscussionTests.m */ = {isa = PBXFileReference; lastKnownFileType = sourcecode.c.objc; path = Class_DiscussionTests.m; sourceTree = "<group>"; };
		83DDFB051A9CD62B00A2D594 /* Teacher.h */ = {isa = PBXFileReference; fileEncoding = 4; lastKnownFileType = sourcecode.c.h; path = Teacher.h; sourceTree = "<group>"; };
		83DDFB061A9CD62B00A2D594 /* Teacher.m */ = {isa = PBXFileReference; fileEncoding = 4; lastKnownFileType = sourcecode.c.objc; path = Teacher.m; sourceTree = "<group>"; };
		C2E3691F1AA0CB02001B24DE /* Section.h */ = {isa = PBXFileReference; fileEncoding = 4; lastKnownFileType = sourcecode.c.h; path = Section.h; sourceTree = "<group>"; };
		C2E369201AA0CB02001B24DE /* Section.m */ = {isa = PBXFileReference; fileEncoding = 4; lastKnownFileType = sourcecode.c.objc; path = Section.m; sourceTree = "<group>"; };
		FBB700D31AC1B0AD00CB21A5 /* LoginViewController.h */ = {isa = PBXFileReference; fileEncoding = 4; lastKnownFileType = sourcecode.c.h; path = LoginViewController.h; sourceTree = "<group>"; };
		FBB700D41AC1B0AD00CB21A5 /* LoginViewController.m */ = {isa = PBXFileReference; fileEncoding = 4; lastKnownFileType = sourcecode.c.objc; path = LoginViewController.m; sourceTree = "<group>"; };
		FBCDDE171AC31ADC0036204A /* ForgotPasswordViewController.h */ = {isa = PBXFileReference; fileEncoding = 4; lastKnownFileType = sourcecode.c.h; path = ForgotPasswordViewController.h; sourceTree = "<group>"; };
		FBCDDE181AC31ADC0036204A /* ForgotPasswordViewController.m */ = {isa = PBXFileReference; fileEncoding = 4; lastKnownFileType = sourcecode.c.objc; path = ForgotPasswordViewController.m; sourceTree = "<group>"; };
		FBCDDE1B1AC31B170036204A /* CreateAccountViewController.h */ = {isa = PBXFileReference; fileEncoding = 4; lastKnownFileType = sourcecode.c.h; path = CreateAccountViewController.h; sourceTree = "<group>"; };
		FBCDDE1C1AC31B170036204A /* CreateAccountViewController.m */ = {isa = PBXFileReference; fileEncoding = 4; lastKnownFileType = sourcecode.c.objc; path = CreateAccountViewController.m; sourceTree = "<group>"; };
/* End PBXFileReference section */

/* Begin PBXFrameworksBuildPhase section */
		83DDFAD61A9CD12300A2D594 /* Frameworks */ = {
			isa = PBXFrameworksBuildPhase;
			buildActionMask = 2147483647;
			files = (
			);
			runOnlyForDeploymentPostprocessing = 0;
		};
		83DDFAF21A9CD12400A2D594 /* Frameworks */ = {
			isa = PBXFrameworksBuildPhase;
			buildActionMask = 2147483647;
			files = (
			);
			runOnlyForDeploymentPostprocessing = 0;
		};
/* End PBXFrameworksBuildPhase section */

/* Begin PBXGroup section */
		830C243B1A9E353A00FBAD6A /* Skeleton Classes */ = {
			isa = PBXGroup;
			children = (
				83CC7B2B1AF05D8900F9EAEC /* Student.h */,
				83CC7B2C1AF05D8900F9EAEC /* Student.m */,
				C2E3691F1AA0CB02001B24DE /* Section.h */,
				C2E369201AA0CB02001B24DE /* Section.m */,
				83DDFB051A9CD62B00A2D594 /* Teacher.h */,
				83DDFB061A9CD62B00A2D594 /* Teacher.m */,
				830C243C1A9E357A00FBAD6A /* Account.h */,
				830C243D1A9E357A00FBAD6A /* Account.m */,
			);
			name = "Skeleton Classes";
			sourceTree = "<group>";
		};
		83AA41121AD41DE900005A45 /* ClassesList */ = {
			isa = PBXGroup;
			children = (
				83AA410F1AD41DCD00005A45 /* ClassesList.h */,
				83AA41101AD41DCD00005A45 /* ClassesList.m */,
			);
			name = ClassesList;
			sourceTree = "<group>";
		};
		83AA411A1AE53E9100005A45 /* StudentsList */ = {
			isa = PBXGroup;
			children = (
				83AA41171AE53E8100005A45 /* StudentsList.h */,
				83AA41181AE53E8100005A45 /* StudentsList.m */,
				83CC7B2E1AF1966B00F9EAEC /* StudentCell.h */,
				83CC7B2F1AF1966B00F9EAEC /* StudentCell.m */,
				83CC7B331AF3544C00F9EAEC /* StudentStore.h */,
				83CC7B341AF3544C00F9EAEC /* StudentStore.m */,
				83CC7B3C1AF7408D00F9EAEC /* StudentImageStore.h */,
				83CC7B3D1AF7408D00F9EAEC /* StudentImageStore.m */,
			);
			name = StudentsList;
			path = ..;
			sourceTree = "<group>";
		};
		83CC7B1F1AEFD02700F9EAEC /* classBuilder */ = {
			isa = PBXGroup;
			children = (
				83CC7B1C1AEFCF4B00F9EAEC /* classBuilderViewController.h */,
				83CC7B1D1AEFCF4B00F9EAEC /* classBuilderViewController.m */,
			);
			name = classBuilder;
			sourceTree = "<group>";
		};
		83CC7B231AEFD0A400F9EAEC /* Timer */ = {
			isa = PBXGroup;
			children = (
				83CC7B201AEFD08800F9EAEC /* TimerViewController.h */,
				83CC7B211AEFD08800F9EAEC /* TimerViewController.m */,
			);
			name = Timer;
			sourceTree = "<group>";
		};
		83CC7B2A1AF0025200F9EAEC /* ImageTransformer */ = {
			isa = PBXGroup;
			children = (
				83CC7B271AF0024D00F9EAEC /* ImageTransformer.h */,
				83CC7B281AF0024D00F9EAEC /* ImageTransformer.m */,
			);
			name = ImageTransformer;
			path = ..;
			sourceTree = "<group>";
		};
		83CC7B3B1AF3B59700F9EAEC /* StudentDetails */ = {
			isa = PBXGroup;
			children = (
				83CC7B381AF3B59000F9EAEC /* StudentDetailViewController.h */,
				83CC7B391AF3B59000F9EAEC /* StudentDetailViewController.m */,
			);
			name = StudentDetails;
			sourceTree = "<group>";
		};
		83CC7B421AF74D3300F9EAEC /* StudentImageController */ = {
			isa = PBXGroup;
			children = (
				83CC7B3F1AF74D2600F9EAEC /* StudentImageViewController.h */,
				83CC7B401AF74D2600F9EAEC /* StudentImageViewController.m */,
			);
			name = StudentImageController;
			sourceTree = "<group>";
		};
		83DDFAD01A9CD12300A2D594 = {
			isa = PBXGroup;
			children = (
				83CC7B241AEFD58100F9EAEC /* Class_Discussion_Core.xcdatamodeld */,
				83DDFADB1A9CD12300A2D594 /* Class_Discussion */,
				83DDFAF81A9CD12400A2D594 /* Class_DiscussionTests */,
				83DDFADA1A9CD12300A2D594 /* Products */,
			);
			sourceTree = "<group>";
		};
		83DDFADA1A9CD12300A2D594 /* Products */ = {
			isa = PBXGroup;
			children = (
				83DDFAD91A9CD12300A2D594 /* Class_Discussion.app */,
				83DDFAF51A9CD12400A2D594 /* Class_DiscussionTests.xctest */,
			);
			name = Products;
			sourceTree = "<group>";
		};
		83DDFADB1A9CD12300A2D594 /* Class_Discussion */ = {
			isa = PBXGroup;
			children = (
				83AA41121AD41DE900005A45 /* ClassesList */,
				83CC7B3B1AF3B59700F9EAEC /* StudentDetails */,
				83AA411A1AE53E9100005A45 /* StudentsList */,
				83CC7B421AF74D3300F9EAEC /* StudentImageController */,
				83CC7B2A1AF0025200F9EAEC /* ImageTransformer */,
				830C243B1A9E353A00FBAD6A /* Skeleton Classes */,
				83CC7B1F1AEFD02700F9EAEC /* classBuilder */,
				83CC7B231AEFD0A400F9EAEC /* Timer */,
				83DDFAE01A9CD12300A2D594 /* AppDelegate.h */,
				83DDFAE11A9CD12300A2D594 /* AppDelegate.m */,
				83DDFAE91A9CD12300A2D594 /* Main.storyboard */,
				FBB700D61AC1B0BF00CB21A5 /* LoginScreen */,
				83DDFAEC1A9CD12300A2D594 /* Images.xcassets */,
				83DDFAEE1A9CD12300A2D594 /* LaunchScreen.xib */,
				83DDFAE31A9CD12300A2D594 /* Class_Discussion.xcdatamodeld */,
				83DDFADC1A9CD12300A2D594 /* Supporting Files */,
			);
			path = Class_Discussion;
			sourceTree = "<group>";
		};
		83DDFADC1A9CD12300A2D594 /* Supporting Files */ = {
			isa = PBXGroup;
			children = (
				83DDFADD1A9CD12300A2D594 /* Info.plist */,
				83DDFADE1A9CD12300A2D594 /* main.m */,
			);
			name = "Supporting Files";
			sourceTree = "<group>";
		};
		83DDFAF81A9CD12400A2D594 /* Class_DiscussionTests */ = {
			isa = PBXGroup;
			children = (
				83DDFAFB1A9CD12400A2D594 /* Class_DiscussionTests.m */,
				83DDFAF91A9CD12400A2D594 /* Supporting Files */,
			);
			path = Class_DiscussionTests;
			sourceTree = "<group>";
		};
		83DDFAF91A9CD12400A2D594 /* Supporting Files */ = {
			isa = PBXGroup;
			children = (
				83DDFAFA1A9CD12400A2D594 /* Info.plist */,
			);
			name = "Supporting Files";
			sourceTree = "<group>";
		};
		FBB700D61AC1B0BF00CB21A5 /* LoginScreen */ = {
			isa = PBXGroup;
			children = (
				FBB700D41AC1B0AD00CB21A5 /* LoginViewController.m */,
				FBB700D31AC1B0AD00CB21A5 /* LoginViewController.h */,
				FBCDDE1A1AC31AE80036204A /* ForgotPassword */,
				FBCDDE1E1AC31B1C0036204A /* CreateAccount */,
			);
			name = LoginScreen;
			sourceTree = "<group>";
		};
		FBCDDE1A1AC31AE80036204A /* ForgotPassword */ = {
			isa = PBXGroup;
			children = (
				FBCDDE171AC31ADC0036204A /* ForgotPasswordViewController.h */,
				FBCDDE181AC31ADC0036204A /* ForgotPasswordViewController.m */,
			);
			name = ForgotPassword;
			sourceTree = "<group>";
		};
		FBCDDE1E1AC31B1C0036204A /* CreateAccount */ = {
			isa = PBXGroup;
			children = (
				FBCDDE1B1AC31B170036204A /* CreateAccountViewController.h */,
				FBCDDE1C1AC31B170036204A /* CreateAccountViewController.m */,
			);
			name = CreateAccount;
			sourceTree = "<group>";
		};
/* End PBXGroup section */

/* Begin PBXNativeTarget section */
		83DDFAD81A9CD12300A2D594 /* Class_Discussion */ = {
			isa = PBXNativeTarget;
			buildConfigurationList = 83DDFAFF1A9CD12400A2D594 /* Build configuration list for PBXNativeTarget "Class_Discussion" */;
			buildPhases = (
				83DDFAD51A9CD12300A2D594 /* Sources */,
				83DDFAD61A9CD12300A2D594 /* Frameworks */,
				83DDFAD71A9CD12300A2D594 /* Resources */,
			);
			buildRules = (
			);
			dependencies = (
			);
			name = Class_Discussion;
			productName = Class_Discussion;
			productReference = 83DDFAD91A9CD12300A2D594 /* Class_Discussion.app */;
			productType = "com.apple.product-type.application";
		};
		83DDFAF41A9CD12400A2D594 /* Class_DiscussionTests */ = {
			isa = PBXNativeTarget;
			buildConfigurationList = 83DDFB021A9CD12400A2D594 /* Build configuration list for PBXNativeTarget "Class_DiscussionTests" */;
			buildPhases = (
				83DDFAF11A9CD12400A2D594 /* Sources */,
				83DDFAF21A9CD12400A2D594 /* Frameworks */,
				83DDFAF31A9CD12400A2D594 /* Resources */,
			);
			buildRules = (
			);
			dependencies = (
				83DDFAF71A9CD12400A2D594 /* PBXTargetDependency */,
			);
			name = Class_DiscussionTests;
			productName = Class_DiscussionTests;
			productReference = 83DDFAF51A9CD12400A2D594 /* Class_DiscussionTests.xctest */;
			productType = "com.apple.product-type.bundle.unit-test";
		};
/* End PBXNativeTarget section */

/* Begin PBXProject section */
		83DDFAD11A9CD12300A2D594 /* Project object */ = {
			isa = PBXProject;
			attributes = {
				LastUpgradeCheck = 0610;
				ORGANIZATIONNAME = "Stepan Severov";
				TargetAttributes = {
					83DDFAD81A9CD12300A2D594 = {
						CreatedOnToolsVersion = 6.1;
					};
					83DDFAF41A9CD12400A2D594 = {
						CreatedOnToolsVersion = 6.1;
						TestTargetID = 83DDFAD81A9CD12300A2D594;
					};
				};
			};
			buildConfigurationList = 83DDFAD41A9CD12300A2D594 /* Build configuration list for PBXProject "Class_Discussion" */;
			compatibilityVersion = "Xcode 3.2";
			developmentRegion = English;
			hasScannedForEncodings = 0;
			knownRegions = (
				en,
				Base,
			);
			mainGroup = 83DDFAD01A9CD12300A2D594;
			productRefGroup = 83DDFADA1A9CD12300A2D594 /* Products */;
			projectDirPath = "";
			projectRoot = "";
			targets = (
				83DDFAD81A9CD12300A2D594 /* Class_Discussion */,
				83DDFAF41A9CD12400A2D594 /* Class_DiscussionTests */,
			);
		};
/* End PBXProject section */

/* Begin PBXResourcesBuildPhase section */
		83DDFAD71A9CD12300A2D594 /* Resources */ = {
			isa = PBXResourcesBuildPhase;
			buildActionMask = 2147483647;
			files = (
				83DDFAEB1A9CD12300A2D594 /* Main.storyboard in Resources */,
				83DDFAF01A9CD12300A2D594 /* LaunchScreen.xib in Resources */,
				83DDFAED1A9CD12300A2D594 /* Images.xcassets in Resources */,
			);
			runOnlyForDeploymentPostprocessing = 0;
		};
		83DDFAF31A9CD12400A2D594 /* Resources */ = {
			isa = PBXResourcesBuildPhase;
			buildActionMask = 2147483647;
			files = (
			);
			runOnlyForDeploymentPostprocessing = 0;
		};
/* End PBXResourcesBuildPhase section */

/* Begin PBXSourcesBuildPhase section */
		83DDFAD51A9CD12300A2D594 /* Sources */ = {
			isa = PBXSourcesBuildPhase;
			buildActionMask = 2147483647;
			files = (
				83CC7B3E1AF7408D00F9EAEC /* StudentImageStore.m in Sources */,
				83CC7B221AEFD08800F9EAEC /* TimerViewController.m in Sources */,
				83CC7B291AF0024D00F9EAEC /* ImageTransformer.m in Sources */,
				83CC7B2D1AF05D8900F9EAEC /* Student.m in Sources */,
				FBCDDE191AC31ADC0036204A /* ForgotPasswordViewController.m in Sources */,
				83CC7B351AF3544C00F9EAEC /* StudentStore.m in Sources */,
				83CC7B3A1AF3B59000F9EAEC /* StudentDetailViewController.m in Sources */,
				83DDFAE21A9CD12300A2D594 /* AppDelegate.m in Sources */,
				83DDFAE51A9CD12300A2D594 /* Class_Discussion.xcdatamodeld in Sources */,
				83CC7B311AF1966B00F9EAEC /* StudentCell.m in Sources */,
				830C243E1A9E357A00FBAD6A /* Account.m in Sources */,
				83CC7B261AEFD58100F9EAEC /* Class_Discussion_Core.xcdatamodeld in Sources */,
				83AA41191AE53E8100005A45 /* StudentsList.m in Sources */,
				83CC7B411AF74D2600F9EAEC /* StudentImageViewController.m in Sources */,
				FBB700D51AC1B0AD00CB21A5 /* LoginViewController.m in Sources */,
				C2E369211AA0CB02001B24DE /* Section.m in Sources */,
				83DDFB071A9CD62B00A2D594 /* Teacher.m in Sources */,
				FBCDDE1D1AC31B170036204A /* CreateAccountViewController.m in Sources */,
				83DDFADF1A9CD12300A2D594 /* main.m in Sources */,
				83CC7B1E1AEFCF4B00F9EAEC /* classBuilderViewController.m in Sources */,
				83AA41111AD41DCD00005A45 /* ClassesList.m in Sources */,
			);
			runOnlyForDeploymentPostprocessing = 0;
		};
		83DDFAF11A9CD12400A2D594 /* Sources */ = {
			isa = PBXSourcesBuildPhase;
			buildActionMask = 2147483647;
			files = (
				83DDFAFC1A9CD12400A2D594 /* Class_DiscussionTests.m in Sources */,
			);
			runOnlyForDeploymentPostprocessing = 0;
		};
/* End PBXSourcesBuildPhase section */

/* Begin PBXTargetDependency section */
		83DDFAF71A9CD12400A2D594 /* PBXTargetDependency */ = {
			isa = PBXTargetDependency;
			target = 83DDFAD81A9CD12300A2D594 /* Class_Discussion */;
			targetProxy = 83DDFAF61A9CD12400A2D594 /* PBXContainerItemProxy */;
		};
/* End PBXTargetDependency section */

/* Begin PBXVariantGroup section */
		83DDFAE91A9CD12300A2D594 /* Main.storyboard */ = {
			isa = PBXVariantGroup;
			children = (
				83DDFAEA1A9CD12300A2D594 /* Base */,
			);
			name = Main.storyboard;
			sourceTree = "<group>";
		};
		83DDFAEE1A9CD12300A2D594 /* LaunchScreen.xib */ = {
			isa = PBXVariantGroup;
			children = (
				83DDFAEF1A9CD12300A2D594 /* Base */,
			);
			name = LaunchScreen.xib;
			sourceTree = "<group>";
		};
/* End PBXVariantGroup section */

/* Begin XCBuildConfiguration section */
		83DDFAFD1A9CD12400A2D594 /* Debug */ = {
			isa = XCBuildConfiguration;
			buildSettings = {
				ALWAYS_SEARCH_USER_PATHS = NO;
				CLANG_CXX_LANGUAGE_STANDARD = "gnu++0x";
				CLANG_CXX_LIBRARY = "libc++";
				CLANG_ENABLE_MODULES = YES;
				CLANG_ENABLE_OBJC_ARC = YES;
				CLANG_WARN_BOOL_CONVERSION = YES;
				CLANG_WARN_CONSTANT_CONVERSION = YES;
				CLANG_WARN_DIRECT_OBJC_ISA_USAGE = YES_ERROR;
				CLANG_WARN_EMPTY_BODY = YES;
				CLANG_WARN_ENUM_CONVERSION = YES;
				CLANG_WARN_INT_CONVERSION = YES;
				CLANG_WARN_OBJC_ROOT_CLASS = YES_ERROR;
				CLANG_WARN_UNREACHABLE_CODE = YES;
				CLANG_WARN__DUPLICATE_METHOD_MATCH = YES;
				"CODE_SIGN_IDENTITY[sdk=iphoneos*]" = "iPhone Developer";
				COPY_PHASE_STRIP = NO;
				ENABLE_STRICT_OBJC_MSGSEND = YES;
				GCC_C_LANGUAGE_STANDARD = gnu99;
				GCC_DYNAMIC_NO_PIC = NO;
				GCC_OPTIMIZATION_LEVEL = 0;
				GCC_PREPROCESSOR_DEFINITIONS = (
					"DEBUG=1",
					"$(inherited)",
				);
				GCC_SYMBOLS_PRIVATE_EXTERN = NO;
				GCC_WARN_64_TO_32_BIT_CONVERSION = YES;
				GCC_WARN_ABOUT_RETURN_TYPE = YES_ERROR;
				GCC_WARN_UNDECLARED_SELECTOR = YES;
				GCC_WARN_UNINITIALIZED_AUTOS = YES_AGGRESSIVE;
				GCC_WARN_UNUSED_FUNCTION = YES;
				GCC_WARN_UNUSED_VARIABLE = YES;
				IPHONEOS_DEPLOYMENT_TARGET = 8.1;
				MTL_ENABLE_DEBUG_INFO = YES;
				ONLY_ACTIVE_ARCH = YES;
				SDKROOT = iphoneos;
				TARGETED_DEVICE_FAMILY = 2;
			};
			name = Debug;
		};
		83DDFAFE1A9CD12400A2D594 /* Release */ = {
			isa = XCBuildConfiguration;
			buildSettings = {
				ALWAYS_SEARCH_USER_PATHS = NO;
				CLANG_CXX_LANGUAGE_STANDARD = "gnu++0x";
				CLANG_CXX_LIBRARY = "libc++";
				CLANG_ENABLE_MODULES = YES;
				CLANG_ENABLE_OBJC_ARC = YES;
				CLANG_WARN_BOOL_CONVERSION = YES;
				CLANG_WARN_CONSTANT_CONVERSION = YES;
				CLANG_WARN_DIRECT_OBJC_ISA_USAGE = YES_ERROR;
				CLANG_WARN_EMPTY_BODY = YES;
				CLANG_WARN_ENUM_CONVERSION = YES;
				CLANG_WARN_INT_CONVERSION = YES;
				CLANG_WARN_OBJC_ROOT_CLASS = YES_ERROR;
				CLANG_WARN_UNREACHABLE_CODE = YES;
				CLANG_WARN__DUPLICATE_METHOD_MATCH = YES;
				"CODE_SIGN_IDENTITY[sdk=iphoneos*]" = "iPhone Developer";
				COPY_PHASE_STRIP = YES;
				ENABLE_NS_ASSERTIONS = NO;
				ENABLE_STRICT_OBJC_MSGSEND = YES;
				GCC_C_LANGUAGE_STANDARD = gnu99;
				GCC_WARN_64_TO_32_BIT_CONVERSION = YES;
				GCC_WARN_ABOUT_RETURN_TYPE = YES_ERROR;
				GCC_WARN_UNDECLARED_SELECTOR = YES;
				GCC_WARN_UNINITIALIZED_AUTOS = YES_AGGRESSIVE;
				GCC_WARN_UNUSED_FUNCTION = YES;
				GCC_WARN_UNUSED_VARIABLE = YES;
				IPHONEOS_DEPLOYMENT_TARGET = 8.1;
				MTL_ENABLE_DEBUG_INFO = NO;
				SDKROOT = iphoneos;
				TARGETED_DEVICE_FAMILY = 2;
				VALIDATE_PRODUCT = YES;
			};
			name = Release;
		};
		83DDFB001A9CD12400A2D594 /* Debug */ = {
			isa = XCBuildConfiguration;
			buildSettings = {
				ASSETCATALOG_COMPILER_APPICON_NAME = AppIcon;
				INFOPLIST_FILE = Class_Discussion/Info.plist;
				IPHONEOS_DEPLOYMENT_TARGET = 8.1;
				LD_RUNPATH_SEARCH_PATHS = "$(inherited) @executable_path/Frameworks";
				PRODUCT_NAME = "$(TARGET_NAME)";
			};
			name = Debug;
		};
		83DDFB011A9CD12400A2D594 /* Release */ = {
			isa = XCBuildConfiguration;
			buildSettings = {
				ASSETCATALOG_COMPILER_APPICON_NAME = AppIcon;
				INFOPLIST_FILE = Class_Discussion/Info.plist;
				IPHONEOS_DEPLOYMENT_TARGET = 8.1;
				LD_RUNPATH_SEARCH_PATHS = "$(inherited) @executable_path/Frameworks";
				PRODUCT_NAME = "$(TARGET_NAME)";
			};
			name = Release;
		};
		83DDFB031A9CD12400A2D594 /* Debug */ = {
			isa = XCBuildConfiguration;
			buildSettings = {
				BUNDLE_LOADER = "$(TEST_HOST)";
				FRAMEWORK_SEARCH_PATHS = (
					"$(SDKROOT)/Developer/Library/Frameworks",
					"$(inherited)",
				);
				GCC_PREPROCESSOR_DEFINITIONS = (
					"DEBUG=1",
					"$(inherited)",
				);
				INFOPLIST_FILE = Class_DiscussionTests/Info.plist;
				LD_RUNPATH_SEARCH_PATHS = "$(inherited) @executable_path/Frameworks @loader_path/Frameworks";
				PRODUCT_NAME = "$(TARGET_NAME)";
				TEST_HOST = "$(BUILT_PRODUCTS_DIR)/Class_Discussion.app/Class_Discussion";
			};
			name = Debug;
		};
		83DDFB041A9CD12400A2D594 /* Release */ = {
			isa = XCBuildConfiguration;
			buildSettings = {
				BUNDLE_LOADER = "$(TEST_HOST)";
				FRAMEWORK_SEARCH_PATHS = (
					"$(SDKROOT)/Developer/Library/Frameworks",
					"$(inherited)",
				);
				INFOPLIST_FILE = Class_DiscussionTests/Info.plist;
				LD_RUNPATH_SEARCH_PATHS = "$(inherited) @executable_path/Frameworks @loader_path/Frameworks";
				PRODUCT_NAME = "$(TARGET_NAME)";
				TEST_HOST = "$(BUILT_PRODUCTS_DIR)/Class_Discussion.app/Class_Discussion";
			};
			name = Release;
		};
/* End XCBuildConfiguration section */

/* Begin XCConfigurationList section */
		83DDFAD41A9CD12300A2D594 /* Build configuration list for PBXProject "Class_Discussion" */ = {
			isa = XCConfigurationList;
			buildConfigurations = (
				83DDFAFD1A9CD12400A2D594 /* Debug */,
				83DDFAFE1A9CD12400A2D594 /* Release */,
			);
			defaultConfigurationIsVisible = 0;
			defaultConfigurationName = Release;
		};
		83DDFAFF1A9CD12400A2D594 /* Build configuration list for PBXNativeTarget "Class_Discussion" */ = {
			isa = XCConfigurationList;
			buildConfigurations = (
				83DDFB001A9CD12400A2D594 /* Debug */,
				83DDFB011A9CD12400A2D594 /* Release */,
			);
			defaultConfigurationIsVisible = 0;
			defaultConfigurationName = Release;
		};
		83DDFB021A9CD12400A2D594 /* Build configuration list for PBXNativeTarget "Class_DiscussionTests" */ = {
			isa = XCConfigurationList;
			buildConfigurations = (
				83DDFB031A9CD12400A2D594 /* Debug */,
				83DDFB041A9CD12400A2D594 /* Release */,
			);
			defaultConfigurationIsVisible = 0;
			defaultConfigurationName = Release;
		};
/* End XCConfigurationList section */

/* Begin XCVersionGroup section */
		83CC7B241AEFD58100F9EAEC /* Class_Discussion_Core.xcdatamodeld */ = {
			isa = XCVersionGroup;
			children = (
				83CC7B251AEFD58100F9EAEC /* Class_Discussion_Core.xcdatamodel */,
			);
			currentVersion = 83CC7B251AEFD58100F9EAEC /* Class_Discussion_Core.xcdatamodel */;
			path = Class_Discussion_Core.xcdatamodeld;
			sourceTree = "<group>";
			versionGroupType = wrapper.xcdatamodel;
		};
		83DDFAE31A9CD12300A2D594 /* Class_Discussion.xcdatamodeld */ = {
			isa = XCVersionGroup;
			children = (
				83DDFAE41A9CD12300A2D594 /* Class_Discussion.xcdatamodel */,
			);
			currentVersion = 83DDFAE41A9CD12300A2D594 /* Class_Discussion.xcdatamodel */;
			path = Class_Discussion.xcdatamodeld;
			sourceTree = "<group>";
			versionGroupType = wrapper.xcdatamodel;
		};
/* End XCVersionGroup section */
	};
	rootObject = 83DDFAD11A9CD12300A2D594 /* Project object */;
}
