// !$*UTF8*$!
{
	archiveVersion = 1;
	classes = {
	};
	objectVersion = 46;
	objects = {

/* Begin PBXBuildFile section */
		830C243E1A9E357A00FBAD6A /* Account.m in Sources */ = {isa = PBXBuildFile; fileRef = 830C243D1A9E357A00FBAD6A /* Account.m */; };
		83DDFADF1A9CD12300A2D594 /* main.m in Sources */ = {isa = PBXBuildFile; fileRef = 83DDFADE1A9CD12300A2D594 /* main.m */; };
		83DDFAE21A9CD12300A2D594 /* AppDelegate.m in Sources */ = {isa = PBXBuildFile; fileRef = 83DDFAE11A9CD12300A2D594 /* AppDelegate.m */; };
		83DDFAE51A9CD12300A2D594 /* Class_Discussion.xcdatamodeld in Sources */ = {isa = PBXBuildFile; fileRef = 83DDFAE31A9CD12300A2D594 /* Class_Discussion.xcdatamodeld */; };
		83DDFAE81A9CD12300A2D594 /* ViewController.m in Sources */ = {isa = PBXBuildFile; fileRef = 83DDFAE71A9CD12300A2D594 /* ViewController.m */; };
		83DDFAEB1A9CD12300A2D594 /* Main.storyboard in Resources */ = {isa = PBXBuildFile; fileRef = 83DDFAE91A9CD12300A2D594 /* Main.storyboard */; };
		83DDFAED1A9CD12300A2D594 /* Images.xcassets in Resources */ = {isa = PBXBuildFile; fileRef = 83DDFAEC1A9CD12300A2D594 /* Images.xcassets */; };
		83DDFAF01A9CD12300A2D594 /* LaunchScreen.xib in Resources */ = {isa = PBXBuildFile; fileRef = 83DDFAEE1A9CD12300A2D594 /* LaunchScreen.xib */; };
		83DDFAFC1A9CD12400A2D594 /* Class_DiscussionTests.m in Sources */ = {isa = PBXBuildFile; fileRef = 83DDFAFB1A9CD12400A2D594 /* Class_DiscussionTests.m */; };
		83DDFB071A9CD62B00A2D594 /* Teacher.m in Sources */ = {isa = PBXBuildFile; fileRef = 83DDFB061A9CD62B00A2D594 /* Teacher.m */; };
		C21381B11AC05E6800F41193 /* TableViewController.m in Sources */ = {isa = PBXBuildFile; fileRef = C21381B01AC05E6800F41193 /* TableViewController.m */; };
		C23017231AD2D2D0004D0305 /* TimerViewController.m in Sources */ = {isa = PBXBuildFile; fileRef = C23017221AD2D2D0004D0305 /* TimerViewController.m */; };
		C2E369211AA0CB02001B24DE /* Section.m in Sources */ = {isa = PBXBuildFile; fileRef = C2E369201AA0CB02001B24DE /* Section.m */; };
		C2F8211C1ADEC21500647FC0 /* classBuilderViewController.m in Sources */ = {isa = PBXBuildFile; fileRef = C2F8211B1ADEC21500647FC0 /* classBuilderViewController.m */; };
		FB1E4B8E1AFA566C004ACCEF /* CFNetwork.framework in Frameworks */ = {isa = PBXBuildFile; fileRef = FB1E4B8D1AFA566C004ACCEF /* CFNetwork.framework */; };
		FB1E4BE01AFA70BC004ACCEF /* UIKit.framework in Frameworks */ = {isa = PBXBuildFile; fileRef = FB1E4BDF1AFA70BC004ACCEF /* UIKit.framework */; };
		FB1E4BE21AFA710F004ACCEF /* Foundation.framework in Frameworks */ = {isa = PBXBuildFile; fileRef = FB1E4BE11AFA710F004ACCEF /* Foundation.framework */; };
		FB1E4BEB1AFA77A3004ACCEF /* HomeScreenViewController.m in Sources */ = {isa = PBXBuildFile; fileRef = FB1E4BEA1AFA77A3004ACCEF /* HomeScreenViewController.m */; };
		FBB700D21AC1AE8000CB21A5 /* Student.m in Sources */ = {isa = PBXBuildFile; fileRef = FBB700D11AC1AE7F00CB21A5 /* Student.m */; };
		FBB700D51AC1B0AD00CB21A5 /* LoginViewController.m in Sources */ = {isa = PBXBuildFile; fileRef = FBB700D41AC1B0AD00CB21A5 /* LoginViewController.m */; };
		FBCDDE191AC31ADC0036204A /* ForgotPasswordViewController.m in Sources */ = {isa = PBXBuildFile; fileRef = FBCDDE181AC31ADC0036204A /* ForgotPasswordViewController.m */; };
		FBCDDE1D1AC31B170036204A /* CreateAccountViewController.m in Sources */ = {isa = PBXBuildFile; fileRef = FBCDDE1C1AC31B170036204A /* CreateAccountViewController.m */; };
/* End PBXBuildFile section */

/* Begin PBXContainerItemProxy section */
		83DDFAF61A9CD12400A2D594 /* PBXContainerItemProxy */ = {
			isa = PBXContainerItemProxy;
			containerPortal = 83DDFAD11A9CD12300A2D594 /* Project object */;
			proxyType = 1;
			remoteGlobalIDString = 83DDFAD81A9CD12300A2D594;
			remoteInfo = Class_Discussion;
		};
/* End PBXContainerItemProxy section */

/* Begin PBXFileReference section */
		830C243C1A9E357A00FBAD6A /* Account.h */ = {isa = PBXFileReference; fileEncoding = 4; lastKnownFileType = sourcecode.c.h; path = Account.h; sourceTree = "<group>"; };
		830C243D1A9E357A00FBAD6A /* Account.m */ = {isa = PBXFileReference; fileEncoding = 4; lastKnownFileType = sourcecode.c.objc; path = Account.m; sourceTree = "<group>"; };
		83DDFAD91A9CD12300A2D594 /* Class_Discussion.app */ = {isa = PBXFileReference; explicitFileType = wrapper.application; includeInIndex = 0; path = Class_Discussion.app; sourceTree = BUILT_PRODUCTS_DIR; };
		83DDFADD1A9CD12300A2D594 /* Info.plist */ = {isa = PBXFileReference; lastKnownFileType = text.plist.xml; path = Info.plist; sourceTree = "<group>"; };
		83DDFADE1A9CD12300A2D594 /* main.m */ = {isa = PBXFileReference; lastKnownFileType = sourcecode.c.objc; path = main.m; sourceTree = "<group>"; };
		83DDFAE01A9CD12300A2D594 /* AppDelegate.h */ = {isa = PBXFileReference; lastKnownFileType = sourcecode.c.h; path = AppDelegate.h; sourceTree = "<group>"; };
		83DDFAE11A9CD12300A2D594 /* AppDelegate.m */ = {isa = PBXFileReference; lastKnownFileType = sourcecode.c.objc; path = AppDelegate.m; sourceTree = "<group>"; };
		83DDFAE41A9CD12300A2D594 /* Class_Discussion.xcdatamodel */ = {isa = PBXFileReference; lastKnownFileType = wrapper.xcdatamodel; path = Class_Discussion.xcdatamodel; sourceTree = "<group>"; };
		83DDFAE61A9CD12300A2D594 /* ViewController.h */ = {isa = PBXFileReference; lastKnownFileType = sourcecode.c.h; path = ViewController.h; sourceTree = "<group>"; };
		83DDFAE71A9CD12300A2D594 /* ViewController.m */ = {isa = PBXFileReference; lastKnownFileType = sourcecode.c.objc; path = ViewController.m; sourceTree = "<group>"; };
		83DDFAEA1A9CD12300A2D594 /* Base */ = {isa = PBXFileReference; lastKnownFileType = file.storyboard; name = Base; path = Base.lproj/Main.storyboard; sourceTree = "<group>"; };
		83DDFAEC1A9CD12300A2D594 /* Images.xcassets */ = {isa = PBXFileReference; lastKnownFileType = folder.assetcatalog; path = Images.xcassets; sourceTree = "<group>"; };
		83DDFAEF1A9CD12300A2D594 /* Base */ = {isa = PBXFileReference; lastKnownFileType = file.xib; name = Base; path = Base.lproj/LaunchScreen.xib; sourceTree = "<group>"; };
		83DDFAF51A9CD12400A2D594 /* Class_DiscussionTests.xctest */ = {isa = PBXFileReference; explicitFileType = wrapper.cfbundle; includeInIndex = 0; path = Class_DiscussionTests.xctest; sourceTree = BUILT_PRODUCTS_DIR; };
		83DDFAFA1A9CD12400A2D594 /* Info.plist */ = {isa = PBXFileReference; lastKnownFileType = text.plist.xml; path = Info.plist; sourceTree = "<group>"; };
		83DDFAFB1A9CD12400A2D594 /* Class_DiscussionTests.m */ = {isa = PBXFileReference; lastKnownFileType = sourcecode.c.objc; path = Class_DiscussionTests.m; sourceTree = "<group>"; };
		83DDFB051A9CD62B00A2D594 /* Teacher.h */ = {isa = PBXFileReference; fileEncoding = 4; lastKnownFileType = sourcecode.c.h; path = Teacher.h; sourceTree = "<group>"; };
		83DDFB061A9CD62B00A2D594 /* Teacher.m */ = {isa = PBXFileReference; fileEncoding = 4; lastKnownFileType = sourcecode.c.objc; path = Teacher.m; sourceTree = "<group>"; };
		C21381AF1AC05E6800F41193 /* TableViewController.h */ = {isa = PBXFileReference; fileEncoding = 4; lastKnownFileType = sourcecode.c.h; path = TableViewController.h; sourceTree = "<group>"; };
		C21381B01AC05E6800F41193 /* TableViewController.m */ = {isa = PBXFileReference; fileEncoding = 4; lastKnownFileType = sourcecode.c.objc; path = TableViewController.m; sourceTree = "<group>"; };
		C23017211AD2D2D0004D0305 /* TimerViewController.h */ = {isa = PBXFileReference; fileEncoding = 4; lastKnownFileType = sourcecode.c.h; path = TimerViewController.h; sourceTree = "<group>"; };
		C23017221AD2D2D0004D0305 /* TimerViewController.m */ = {isa = PBXFileReference; fileEncoding = 4; lastKnownFileType = sourcecode.c.objc; path = TimerViewController.m; sourceTree = "<group>"; };
		C2E3691F1AA0CB02001B24DE /* Section.h */ = {isa = PBXFileReference; fileEncoding = 4; lastKnownFileType = sourcecode.c.h; path = Section.h; sourceTree = "<group>"; };
		C2E369201AA0CB02001B24DE /* Section.m */ = {isa = PBXFileReference; fileEncoding = 4; lastKnownFileType = sourcecode.c.objc; path = Section.m; sourceTree = "<group>"; };
		C2F8211A1ADEC21500647FC0 /* classBuilderViewController.h */ = {isa = PBXFileReference; fileEncoding = 4; lastKnownFileType = sourcecode.c.h; path = classBuilderViewController.h; sourceTree = "<group>"; };
		C2F8211B1ADEC21500647FC0 /* classBuilderViewController.m */ = {isa = PBXFileReference; fileEncoding = 4; lastKnownFileType = sourcecode.c.objc; path = classBuilderViewController.m; sourceTree = "<group>"; };
		FB1E4B8D1AFA566C004ACCEF /* CFNetwork.framework */ = {isa = PBXFileReference; lastKnownFileType = wrapper.framework; name = CFNetwork.framework; path = System/Library/Frameworks/CFNetwork.framework; sourceTree = SDKROOT; };
		FB1E4BDF1AFA70BC004ACCEF /* UIKit.framework */ = {isa = PBXFileReference; lastKnownFileType = wrapper.framework; name = UIKit.framework; path = System/Library/Frameworks/UIKit.framework; sourceTree = SDKROOT; };
		FB1E4BE11AFA710F004ACCEF /* Foundation.framework */ = {isa = PBXFileReference; lastKnownFileType = wrapper.framework; name = Foundation.framework; path = System/Library/Frameworks/Foundation.framework; sourceTree = SDKROOT; };
		FB1E4BE91AFA77A3004ACCEF /* HomeScreenViewController.h */ = {isa = PBXFileReference; fileEncoding = 4; lastKnownFileType = sourcecode.c.h; path = HomeScreenViewController.h; sourceTree = "<group>"; };
		FB1E4BEA1AFA77A3004ACCEF /* HomeScreenViewController.m */ = {isa = PBXFileReference; fileEncoding = 4; lastKnownFileType = sourcecode.c.objc; path = HomeScreenViewController.m; sourceTree = "<group>"; };
		FBB700D01AC1AE7F00CB21A5 /* Student.h */ = {isa = PBXFileReference; fileEncoding = 4; lastKnownFileType = sourcecode.c.h; path = Student.h; sourceTree = "<group>"; };
		FBB700D11AC1AE7F00CB21A5 /* Student.m */ = {isa = PBXFileReference; fileEncoding = 4; lastKnownFileType = sourcecode.c.objc; path = Student.m; sourceTree = "<group>"; };
		FBB700D31AC1B0AD00CB21A5 /* LoginViewController.h */ = {isa = PBXFileReference; fileEncoding = 4; lastKnownFileType = sourcecode.c.h; path = LoginViewController.h; sourceTree = "<group>"; };
		FBB700D41AC1B0AD00CB21A5 /* LoginViewController.m */ = {isa = PBXFileReference; fileEncoding = 4; lastKnownFileType = sourcecode.c.objc; path = LoginViewController.m; sourceTree = "<group>"; };
		FBCDDE171AC31ADC0036204A /* ForgotPasswordViewController.h */ = {isa = PBXFileReference; fileEncoding = 4; lastKnownFileType = sourcecode.c.h; path = ForgotPasswordViewController.h; sourceTree = "<group>"; };
		FBCDDE181AC31ADC0036204A /* ForgotPasswordViewController.m */ = {isa = PBXFileReference; fileEncoding = 4; lastKnownFileType = sourcecode.c.objc; path = ForgotPasswordViewController.m; sourceTree = "<group>"; };
		FBCDDE1B1AC31B170036204A /* CreateAccountViewController.h */ = {isa = PBXFileReference; fileEncoding = 4; lastKnownFileType = sourcecode.c.h; path = CreateAccountViewController.h; sourceTree = "<group>"; };
		FBCDDE1C1AC31B170036204A /* CreateAccountViewController.m */ = {isa = PBXFileReference; fileEncoding = 4; lastKnownFileType = sourcecode.c.objc; path = CreateAccountViewController.m; sourceTree = "<group>"; };
/* End PBXFileReference section */

/* Begin PBXFrameworksBuildPhase section */
		83DDFAD61A9CD12300A2D594 /* Frameworks */ = {
			isa = PBXFrameworksBuildPhase;
			buildActionMask = 2147483647;
			files = (
				FB1E4BE21AFA710F004ACCEF /* Foundation.framework in Frameworks */,
				FB1E4BE01AFA70BC004ACCEF /* UIKit.framework in Frameworks */,
				FB1E4B8E1AFA566C004ACCEF /* CFNetwork.framework in Frameworks */,
			);
			runOnlyForDeploymentPostprocessing = 0;
		};
		83DDFAF21A9CD12400A2D594 /* Frameworks */ = {
			isa = PBXFrameworksBuildPhase;
			buildActionMask = 2147483647;
			files = (
			);
			runOnlyForDeploymentPostprocessing = 0;
		};
/* End PBXFrameworksBuildPhase section */

/* Begin PBXGroup section */
		830C243B1A9E353A00FBAD6A /* Skeleton Classes */ = {
			isa = PBXGroup;
			children = (
				C2E3691F1AA0CB02001B24DE /* Section.h */,
				C2E369201AA0CB02001B24DE /* Section.m */,
				83DDFB051A9CD62B00A2D594 /* Teacher.h */,
				83DDFB061A9CD62B00A2D594 /* Teacher.m */,
				830C243C1A9E357A00FBAD6A /* Account.h */,
				830C243D1A9E357A00FBAD6A /* Account.m */,
				FBB700D01AC1AE7F00CB21A5 /* Student.h */,
				FBB700D11AC1AE7F00CB21A5 /* Student.m */,
			);
			name = "Skeleton Classes";
			sourceTree = "<group>";
		};
		83DDFAD01A9CD12300A2D594 = {
			isa = PBXGroup;
			children = (
				FB1E4BE11AFA710F004ACCEF /* Foundation.framework */,
				FB1E4BDF1AFA70BC004ACCEF /* UIKit.framework */,
				FB1E4B8D1AFA566C004ACCEF /* CFNetwork.framework */,
				83DDFADB1A9CD12300A2D594 /* Class_Discussion */,
				83DDFAF81A9CD12400A2D594 /* Class_DiscussionTests */,
				83DDFADA1A9CD12300A2D594 /* Products */,
			);
			sourceTree = "<group>";
		};
		83DDFADA1A9CD12300A2D594 /* Products */ = {
			isa = PBXGroup;
			children = (
				83DDFAD91A9CD12300A2D594 /* Class_Discussion.app */,
				83DDFAF51A9CD12400A2D594 /* Class_DiscussionTests.xctest */,
			);
			name = Products;
			sourceTree = "<group>";
		};
		83DDFADB1A9CD12300A2D594 /* Class_Discussion */ = {
			isa = PBXGroup;
			children = (
				830C243B1A9E353A00FBAD6A /* Skeleton Classes */,
				83DDFAE01A9CD12300A2D594 /* AppDelegate.h */,
				83DDFAE11A9CD12300A2D594 /* AppDelegate.m */,
				FB1E4BEC1AFA77B8004ACCEF /* ViewControllers */,
				83DDFAE91A9CD12300A2D594 /* Main.storyboard */,
				83DDFAEC1A9CD12300A2D594 /* Images.xcassets */,
				83DDFAEE1A9CD12300A2D594 /* LaunchScreen.xib */,
				83DDFAE31A9CD12300A2D594 /* Class_Discussion.xcdatamodeld */,
				83DDFADC1A9CD12300A2D594 /* Supporting Files */,
			);
			path = Class_Discussion;
			sourceTree = "<group>";
		};
		83DDFADC1A9CD12300A2D594 /* Supporting Files */ = {
			isa = PBXGroup;
			children = (
				83DDFADD1A9CD12300A2D594 /* Info.plist */,
				83DDFADE1A9CD12300A2D594 /* main.m */,
			);
			name = "Supporting Files";
			sourceTree = "<group>";
		};
		83DDFAF81A9CD12400A2D594 /* Class_DiscussionTests */ = {
			isa = PBXGroup;
			children = (
				83DDFAFB1A9CD12400A2D594 /* Class_DiscussionTests.m */,
				83DDFAF91A9CD12400A2D594 /* Supporting Files */,
			);
			path = Class_DiscussionTests;
			sourceTree = "<group>";
		};
		83DDFAF91A9CD12400A2D594 /* Supporting Files */ = {
			isa = PBXGroup;
			children = (
				83DDFAFA1A9CD12400A2D594 /* Info.plist */,
			);
			name = "Supporting Files";
			sourceTree = "<group>";
		};
		FB1E4BEC1AFA77B8004ACCEF /* ViewControllers */ = {
			isa = PBXGroup;
			children = (
				FBB700D61AC1B0BF00CB21A5 /* LoginScreen */,
				83DDFAE71A9CD12300A2D594 /* ViewController.m */,
				83DDFAE61A9CD12300A2D594 /* ViewController.h */,
				FB1E4BE91AFA77A3004ACCEF /* HomeScreenViewController.h */,
				FB1E4BEA1AFA77A3004ACCEF /* HomeScreenViewController.m */,
				C21381AF1AC05E6800F41193 /* TableViewController.h */,
				C21381B01AC05E6800F41193 /* TableViewController.m */,
				C23017211AD2D2D0004D0305 /* TimerViewController.h */,
				C23017221AD2D2D0004D0305 /* TimerViewController.m */,
				C2F8211A1ADEC21500647FC0 /* classBuilderViewController.h */,
				C2F8211B1ADEC21500647FC0 /* classBuilderViewController.m */,
			);
			name = ViewControllers;
			sourceTree = "<group>";
		};
		FBB700D61AC1B0BF00CB21A5 /* LoginScreen */ = {
			isa = PBXGroup;
			children = (
				FBB700D41AC1B0AD00CB21A5 /* LoginViewController.m */,
				FBB700D31AC1B0AD00CB21A5 /* LoginViewController.h */,
				FBCDDE1A1AC31AE80036204A /* ForgotPassword */,
				FBCDDE1E1AC31B1C0036204A /* CreateAccount */,
			);
			name = LoginScreen;
			sourceTree = "<group>";
		};
		FBCDDE1A1AC31AE80036204A /* ForgotPassword */ = {
			isa = PBXGroup;
			children = (
				FBCDDE171AC31ADC0036204A /* ForgotPasswordViewController.h */,
				FBCDDE181AC31ADC0036204A /* ForgotPasswordViewController.m */,
			);
			name = ForgotPassword;
			sourceTree = "<group>";
		};
		FBCDDE1E1AC31B1C0036204A /* CreateAccount */ = {
			isa = PBXGroup;
			children = (
				FBCDDE1B1AC31B170036204A /* CreateAccountViewController.h */,
				FBCDDE1C1AC31B170036204A /* CreateAccountViewController.m */,
			);
			name = CreateAccount;
			sourceTree = "<group>";
		};
/* End PBXGroup section */

/* Begin PBXNativeTarget section */
		83DDFAD81A9CD12300A2D594 /* Class_Discussion */ = {
			isa = PBXNativeTarget;
			buildConfigurationList = 83DDFAFF1A9CD12400A2D594 /* Build configuration list for PBXNativeTarget "Class_Discussion" */;
			buildPhases = (
				83DDFAD51A9CD12300A2D594 /* Sources */,
				83DDFAD61A9CD12300A2D594 /* Frameworks */,
				83DDFAD71A9CD12300A2D594 /* Resources */,
			);
			buildRules = (
			);
			dependencies = (
			);
			name = Class_Discussion;
			productName = Class_Discussion;
			productReference = 83DDFAD91A9CD12300A2D594 /* Class_Discussion.app */;
			productType = "com.apple.product-type.application";
		};
		83DDFAF41A9CD12400A2D594 /* Class_DiscussionTests */ = {
			isa = PBXNativeTarget;
			buildConfigurationList = 83DDFB021A9CD12400A2D594 /* Build configuration list for PBXNativeTarget "Class_DiscussionTests" */;
			buildPhases = (
				83DDFAF11A9CD12400A2D594 /* Sources */,
				83DDFAF21A9CD12400A2D594 /* Frameworks */,
				83DDFAF31A9CD12400A2D594 /* Resources */,
			);
			buildRules = (
			);
			dependencies = (
				83DDFAF71A9CD12400A2D594 /* PBXTargetDependency */,
			);
			name = Class_DiscussionTests;
			productName = Class_DiscussionTests;
			productReference = 83DDFAF51A9CD12400A2D594 /* Class_DiscussionTests.xctest */;
			productType = "com.apple.product-type.bundle.unit-test";
		};
/* End PBXNativeTarget section */

/* Begin PBXProject section */
		83DDFAD11A9CD12300A2D594 /* Project object */ = {
			isa = PBXProject;
			attributes = {
				LastUpgradeCheck = 0610;
				ORGANIZATIONNAME = "Stepan Severov";
				TargetAttributes = {
					83DDFAD81A9CD12300A2D594 = {
						CreatedOnToolsVersion = 6.1;
					};
					83DDFAF41A9CD12400A2D594 = {
						CreatedOnToolsVersion = 6.1;
						TestTargetID = 83DDFAD81A9CD12300A2D594;
					};
				};
			};
			buildConfigurationList = 83DDFAD41A9CD12300A2D594 /* Build configuration list for PBXProject "Class_Discussion" */;
			compatibilityVersion = "Xcode 3.2";
			developmentRegion = English;
			hasScannedForEncodings = 0;
			knownRegions = (
				en,
				Base,
			);
			mainGroup = 83DDFAD01A9CD12300A2D594;
			productRefGroup = 83DDFADA1A9CD12300A2D594 /* Products */;
			projectDirPath = "";
			projectRoot = "";
			targets = (
				83DDFAD81A9CD12300A2D594 /* Class_Discussion */,
				83DDFAF41A9CD12400A2D594 /* Class_DiscussionTests */,
			);
		};
/* End PBXProject section */

/* Begin PBXResourcesBuildPhase section */
		83DDFAD71A9CD12300A2D594 /* Resources */ = {
			isa = PBXResourcesBuildPhase;
			buildActionMask = 2147483647;
			files = (
				83DDFAEB1A9CD12300A2D594 /* Main.storyboard in Resources */,
				83DDFAF01A9CD12300A2D594 /* LaunchScreen.xib in Resources */,
				83DDFAED1A9CD12300A2D594 /* Images.xcassets in Resources */,
			);
			runOnlyForDeploymentPostprocessing = 0;
		};
		83DDFAF31A9CD12400A2D594 /* Resources */ = {
			isa = PBXResourcesBuildPhase;
			buildActionMask = 2147483647;
			files = (
			);
			runOnlyForDeploymentPostprocessing = 0;
		};
/* End PBXResourcesBuildPhase section */

/* Begin PBXSourcesBuildPhase section */
		83DDFAD51A9CD12300A2D594 /* Sources */ = {
			isa = PBXSourcesBuildPhase;
			buildActionMask = 2147483647;
			files = (
				FBCDDE191AC31ADC0036204A /* ForgotPasswordViewController.m in Sources */,
				83DDFAE21A9CD12300A2D594 /* AppDelegate.m in Sources */,
				83DDFAE51A9CD12300A2D594 /* Class_Discussion.xcdatamodeld in Sources */,
				83DDFAE81A9CD12300A2D594 /* ViewController.m in Sources */,
				830C243E1A9E357A00FBAD6A /* Account.m in Sources */,
				FBB700D51AC1B0AD00CB21A5 /* LoginViewController.m in Sources */,
				FB1E4BEB1AFA77A3004ACCEF /* HomeScreenViewController.m in Sources */,
				C2E369211AA0CB02001B24DE /* Section.m in Sources */,
				C23017231AD2D2D0004D0305 /* TimerViewController.m in Sources */,
				83DDFB071A9CD62B00A2D594 /* Teacher.m in Sources */,
				FBCDDE1D1AC31B170036204A /* CreateAccountViewController.m in Sources */,
				83DDFADF1A9CD12300A2D594 /* main.m in Sources */,
				C21381B11AC05E6800F41193 /* TableViewController.m in Sources */,
				FBB700D21AC1AE8000CB21A5 /* Student.m in Sources */,
				C2F8211C1ADEC21500647FC0 /* classBuilderViewController.m in Sources */,
			);
			runOnlyForDeploymentPostprocessing = 0;
		};
		83DDFAF11A9CD12400A2D594 /* Sources */ = {
			isa = PBXSourcesBuildPhase;
			buildActionMask = 2147483647;
			files = (
				83DDFAFC1A9CD12400A2D594 /* Class_DiscussionTests.m in Sources */,
			);
			runOnlyForDeploymentPostprocessing = 0;
		};
/* End PBXSourcesBuildPhase section */

/* Begin PBXTargetDependency section */
		83DDFAF71A9CD12400A2D594 /* PBXTargetDependency */ = {
			isa = PBXTargetDependency;
			target = 83DDFAD81A9CD12300A2D594 /* Class_Discussion */;
			targetProxy = 83DDFAF61A9CD12400A2D594 /* PBXContainerItemProxy */;
		};
/* End PBXTargetDependency section */

/* Begin PBXVariantGroup section */
		83DDFAE91A9CD12300A2D594 /* Main.storyboard */ = {
			isa = PBXVariantGroup;
			children = (
				83DDFAEA1A9CD12300A2D594 /* Base */,
			);
			name = Main.storyboard;
			sourceTree = "<group>";
		};
		83DDFAEE1A9CD12300A2D594 /* LaunchScreen.xib */ = {
			isa = PBXVariantGroup;
			children = (
				83DDFAEF1A9CD12300A2D594 /* Base */,
			);
			name = LaunchScreen.xib;
			sourceTree = "<group>";
		};
/* End PBXVariantGroup section */

/* Begin XCBuildConfiguration section */
		83DDFAFD1A9CD12400A2D594 /* Debug */ = {
			isa = XCBuildConfiguration;
			buildSettings = {
				ALWAYS_SEARCH_USER_PATHS = NO;
				CLANG_CXX_LANGUAGE_STANDARD = "gnu++0x";
				CLANG_CXX_LIBRARY = "libc++";
				CLANG_ENABLE_MODULES = YES;
				CLANG_ENABLE_OBJC_ARC = YES;
				CLANG_WARN_BOOL_CONVERSION = YES;
				CLANG_WARN_CONSTANT_CONVERSION = YES;
				CLANG_WARN_DIRECT_OBJC_ISA_USAGE = YES_ERROR;
				CLANG_WARN_EMPTY_BODY = YES;
				CLANG_WARN_ENUM_CONVERSION = YES;
				CLANG_WARN_INT_CONVERSION = YES;
				CLANG_WARN_OBJC_ROOT_CLASS = YES_ERROR;
				CLANG_WARN_UNREACHABLE_CODE = YES;
				CLANG_WARN__DUPLICATE_METHOD_MATCH = YES;
				"CODE_SIGN_IDENTITY[sdk=iphoneos*]" = "iPhone Developer";
				COPY_PHASE_STRIP = NO;
				ENABLE_STRICT_OBJC_MSGSEND = YES;
				GCC_C_LANGUAGE_STANDARD = gnu99;
				GCC_DYNAMIC_NO_PIC = NO;
				GCC_OPTIMIZATION_LEVEL = 0;
				GCC_PREPROCESSOR_DEFINITIONS = (
					"DEBUG=1",
					"$(inherited)",
				);
				GCC_SYMBOLS_PRIVATE_EXTERN = NO;
				GCC_WARN_64_TO_32_BIT_CONVERSION = YES;
				GCC_WARN_ABOUT_RETURN_TYPE = YES_ERROR;
				GCC_WARN_UNDECLARED_SELECTOR = YES;
				GCC_WARN_UNINITIALIZED_AUTOS = YES_AGGRESSIVE;
				GCC_WARN_UNUSED_FUNCTION = YES;
				GCC_WARN_UNUSED_VARIABLE = YES;
				IPHONEOS_DEPLOYMENT_TARGET = 8.3;
				MTL_ENABLE_DEBUG_INFO = YES;
				ONLY_ACTIVE_ARCH = YES;
				OTHER_LDFLAGS = (
					"$(OTHER_LDFLAGS)",
					"-ObjC",
				);
				SDKROOT = iphoneos;
				TARGETED_DEVICE_FAMILY = 2;
			};
			name = Debug;
		};
		83DDFAFE1A9CD12400A2D594 /* Release */ = {
			isa = XCBuildConfiguration;
			buildSettings = {
				ALWAYS_SEARCH_USER_PATHS = NO;
				CLANG_CXX_LANGUAGE_STANDARD = "gnu++0x";
				CLANG_CXX_LIBRARY = "libc++";
				CLANG_ENABLE_MODULES = YES;
				CLANG_ENABLE_OBJC_ARC = YES;
				CLANG_WARN_BOOL_CONVERSION = YES;
				CLANG_WARN_CONSTANT_CONVERSION = YES;
				CLANG_WARN_DIRECT_OBJC_ISA_USAGE = YES_ERROR;
				CLANG_WARN_EMPTY_BODY = YES;
				CLANG_WARN_ENUM_CONVERSION = YES;
				CLANG_WARN_INT_CONVERSION = YES;
				CLANG_WARN_OBJC_ROOT_CLASS = YES_ERROR;
				CLANG_WARN_UNREACHABLE_CODE = YES;
				CLANG_WARN__DUPLICATE_METHOD_MATCH = YES;
				"CODE_SIGN_IDENTITY[sdk=iphoneos*]" = "iPhone Developer";
				COPY_PHASE_STRIP = YES;
				ENABLE_NS_ASSERTIONS = NO;
				ENABLE_STRICT_OBJC_MSGSEND = YES;
				GCC_C_LANGUAGE_STANDARD = gnu99;
				GCC_WARN_64_TO_32_BIT_CONVERSION = YES;
				GCC_WARN_ABOUT_RETURN_TYPE = YES_ERROR;
				GCC_WARN_UNDECLARED_SELECTOR = YES;
				GCC_WARN_UNINITIALIZED_AUTOS = YES_AGGRESSIVE;
				GCC_WARN_UNUSED_FUNCTION = YES;
				GCC_WARN_UNUSED_VARIABLE = YES;
				IPHONEOS_DEPLOYMENT_TARGET = 8.3;
				MTL_ENABLE_DEBUG_INFO = NO;
				OTHER_LDFLAGS = (
					"$(OTHER_LDFLAGS)",
					"-ObjC",
				);
				SDKROOT = iphoneos;
				TARGETED_DEVICE_FAMILY = 2;
				VALIDATE_PRODUCT = YES;
			};
			name = Release;
		};
		83DDFB001A9CD12400A2D594 /* Debug */ = {
			isa = XCBuildConfiguration;
			buildSettings = {
				ASSETCATALOG_COMPILER_APPICON_NAME = AppIcon;
				INFOPLIST_FILE = Class_Discussion/Info.plist;
				IPHONEOS_DEPLOYMENT_TARGET = 8.3;
				LD_RUNPATH_SEARCH_PATHS = "$(inherited) @executable_path/Frameworks";
				OTHER_LDFLAGS = (
					"$(OTHER_LDFLAGS)",
					"-ObjC",
				);
				PRODUCT_NAME = "$(TARGET_NAME)";
			};
			name = Debug;
		};
		83DDFB011A9CD12400A2D594 /* Release */ = {
			isa = XCBuildConfiguration;
			buildSettings = {
				ASSETCATALOG_COMPILER_APPICON_NAME = AppIcon;
				INFOPLIST_FILE = Class_Discussion/Info.plist;
				IPHONEOS_DEPLOYMENT_TARGET = 8.3;
				LD_RUNPATH_SEARCH_PATHS = "$(inherited) @executable_path/Frameworks";
				OTHER_LDFLAGS = (
					"$(OTHER_LDFLAGS)",
					"-ObjC",
				);
				PRODUCT_NAME = "$(TARGET_NAME)";
			};
			name = Release;
		};
		83DDFB031A9CD12400A2D594 /* Debug */ = {
			isa = XCBuildConfiguration;
			buildSettings = {
				BUNDLE_LOADER = "$(TEST_HOST)";
				FRAMEWORK_SEARCH_PATHS = (
					"$(SDKROOT)/Developer/Library/Frameworks",
					"$(inherited)",
				);
				GCC_PREPROCESSOR_DEFINITIONS = (
					"DEBUG=1",
					"$(inherited)",
				);
				INFOPLIST_FILE = Class_DiscussionTests/Info.plist;
				LD_RUNPATH_SEARCH_PATHS = "$(inherited) @executable_path/Frameworks @loader_path/Frameworks";
				PRODUCT_NAME = "$(TARGET_NAME)";
				TEST_HOST = "$(BUILT_PRODUCTS_DIR)/Class_Discussion.app/Class_Discussion";
			};
			name = Debug;
		};
		83DDFB041A9CD12400A2D594 /* Release */ = {
			isa = XCBuildConfiguration;
			buildSettings = {
				BUNDLE_LOADER = "$(TEST_HOST)";
				FRAMEWORK_SEARCH_PATHS = (
					"$(SDKROOT)/Developer/Library/Frameworks",
					"$(inherited)",
				);
				INFOPLIST_FILE = Class_DiscussionTests/Info.plist;
				LD_RUNPATH_SEARCH_PATHS = "$(inherited) @executable_path/Frameworks @loader_path/Frameworks";
				PRODUCT_NAME = "$(TARGET_NAME)";
				TEST_HOST = "$(BUILT_PRODUCTS_DIR)/Class_Discussion.app/Class_Discussion";
			};
			name = Release;
		};
/* End XCBuildConfiguration section */

/* Begin XCConfigurationList section */
		83DDFAD41A9CD12300A2D594 /* Build configuration list for PBXProject "Class_Discussion" */ = {
			isa = XCConfigurationList;
			buildConfigurations = (
				83DDFAFD1A9CD12400A2D594 /* Debug */,
				83DDFAFE1A9CD12400A2D594 /* Release */,
			);
			defaultConfigurationIsVisible = 0;
			defaultConfigurationName = Release;
		};
		83DDFAFF1A9CD12400A2D594 /* Build configuration list for PBXNativeTarget "Class_Discussion" */ = {
			isa = XCConfigurationList;
			buildConfigurations = (
				83DDFB001A9CD12400A2D594 /* Debug */,
				83DDFB011A9CD12400A2D594 /* Release */,
			);
			defaultConfigurationIsVisible = 0;
			defaultConfigurationName = Release;
		};
		83DDFB021A9CD12400A2D594 /* Build configuration list for PBXNativeTarget "Class_DiscussionTests" */ = {
			isa = XCConfigurationList;
			buildConfigurations = (
				83DDFB031A9CD12400A2D594 /* Debug */,
				83DDFB041A9CD12400A2D594 /* Release */,
			);
			defaultConfigurationIsVisible = 0;
			defaultConfigurationName = Release;
		};
/* End XCConfigurationList section */

/* Begin XCVersionGroup section */
		83DDFAE31A9CD12300A2D594 /* Class_Discussion.xcdatamodeld */ = {
			isa = XCVersionGroup;
			children = (
				83DDFAE41A9CD12300A2D594 /* Class_Discussion.xcdatamodel */,
			);
			currentVersion = 83DDFAE41A9CD12300A2D594 /* Class_Discussion.xcdatamodel */;
			path = Class_Discussion.xcdatamodeld;
			sourceTree = "<group>";
			versionGroupType = wrapper.xcdatamodel;
		};
/* End XCVersionGroup section */
	};
	rootObject = 83DDFAD11A9CD12300A2D594 /* Project object */;
}
